
Microsoft Visual Studio Solution File, Format Version 12.00
# Visual Studio Version 17
VisualStudioVersion = 17.0.31717.71
MinimumVisualStudioVersion = 10.0.40219.1
Project("{8BC9CEB8-8B4A-11D0-8D11-00A0C91BC942}") = "CallFunction", "CallFunction.vcxproj", "{21DE7059-465E-43F0-BDAC-0E84C2FE3D32}"
EndProject
Project("{8BC9CEB8-8B4A-11D0-8D11-00A0C91BC942}") = "Injector", "..\Injector\Injector.vcxproj", "{310013CE-0F0C-41EA-8857-A6B438B8EFBE}"
	ProjectSection(ProjectDependencies) = postProject
		{21DE7059-465E-43F0-BDAC-0E84C2FE3D32} = {21DE7059-465E-43F0-BDAC-0E84C2FE3D32}
	EndProjectSection
EndProject
Global
	GlobalSection(SolutionConfigurationPlatforms) = preSolution
		Debug|x64 = Debug|x64
		Debug|x86 = Debug|x86
		Release|x64 = Release|x64
		Release|x86 = Release|x86
	EndGlobalSection
	GlobalSection(ProjectConfigurationPlatforms) = postSolution
		{21DE7059-465E-43F0-BDAC-0E84C2FE3D32}.Debug|x64.ActiveCfg = Debug|x64
		{21DE7059-465E-43F0-BDAC-0E84C2FE3D32}.Debug|x64.Build.0 = Debug|x64
		{21DE7059-465E-43F0-BDAC-0E84C2FE3D32}.Debug|x86.ActiveCfg = Debug|Win32
		{21DE7059-465E-43F0-BDAC-0E84C2FE3D32}.Debug|x86.Build.0 = Debug|Win32
		{21DE7059-465E-43F0-BDAC-0E84C2FE3D32}.Release|x64.ActiveCfg = Release|x64
		{21DE7059-465E-43F0-BDAC-0E84C2FE3D32}.Release|x64.Build.0 = Release|x64
		{21DE7059-465E-43F0-BDAC-0E84C2FE3D32}.Release|x86.ActiveCfg = Release|Win32
		{21DE7059-465E-43F0-BDAC-0E84C2FE3D32}.Release|x86.Build.0 = Release|Win32
		{310013CE-0F0C-41EA-8857-A6B438B8EFBE}.Debug|x64.ActiveCfg = Debug|x64
		{310013CE-0F0C-41EA-8857-A6B438B8EFBE}.Debug|x64.Build.0 = Debug|x64
		{310013CE-0F0C-41EA-8857-A6B438B8EFBE}.Debug|x86.ActiveCfg = Debug|Win32
		{310013CE-0F0C-41EA-8857-A6B438B8EFBE}.Debug|x86.Build.0 = Debug|Win32
		{310013CE-0F0C-41EA-8857-A6B438B8EFBE}.Release|x64.ActiveCfg = Release|x64
		{310013CE-0F0C-41EA-8857-A6B438B8EFBE}.Release|x64.Build.0 = Release|x64
		{310013CE-0F0C-41EA-8857-A6B438B8EFBE}.Release|x86.ActiveCfg = Release|Win32
		{310013CE-0F0C-41EA-8857-A6B438B8EFBE}.Release|x86.Build.0 = Release|Win32
	EndGlobalSection
	GlobalSection(SolutionProperties) = preSolution
		HideSolutionNode = FALSE
	EndGlobalSection
	GlobalSection(ExtensibilityGlobals) = postSolution
		SolutionGuid = {904AACB5-1868-4F8D-B5CB-87CE15D3BAAC}
	EndGlobalSection
EndGlobal
